
Microsoft Visual Studio Solution File, Format Version 12.00
# Visual Studio Version 17
VisualStudioVersion = 17.14.36414.22 d17.14
MinimumVisualStudioVersion = 10.0.40219.1
Project("{FAE04EC0-301F-11D3-BF4B-00C04F79EFBC}") = "MembrosEstaticosParte1", "MembrosEstaticosParte1\MembrosEstaticosParte1.csproj", "{3667B069-D9E1-4537-BF0D-687D8F0B5068}"
EndProject
Global
	GlobalSection(SolutionConfigurationPlatforms) = preSolution
		Debug|Any CPU = Debug|Any CPU
		Release|Any CPU = Release|Any CPU
	EndGlobalSection
	GlobalSection(ProjectConfigurationPlatforms) = postSolution
		{3667B069-D9E1-4537-BF0D-687D8F0B5068}.Debug|Any CPU.ActiveCfg = Debug|Any CPU
		{3667B069-D9E1-4537-BF0D-687D8F0B5068}.Debug|Any CPU.Build.0 = Debug|Any CPU
		{3667B069-D9E1-4537-BF0D-687D8F0B5068}.Release|Any CPU.ActiveCfg = Release|Any CPU
		{3667B069-D9E1-4537-BF0D-687D8F0B5068}.Release|Any CPU.Build.0 = Release|Any CPU
	EndGlobalSection
	GlobalSection(SolutionProperties) = preSolution
		HideSolutionNode = FALSE
	EndGlobalSection
	GlobalSection(ExtensibilityGlobals) = postSolution
		SolutionGuid = {3E8975DE-1AAC-43FE-ADDE-30BD49C1F8CF}
	EndGlobalSection
EndGlobal
